
Microsoft Visual Studio Solution File, Format Version 12.00
# Visual Studio Version 17
VisualStudioVersion = 17.8.34309.116
MinimumVisualStudioVersion = 10.0.40219.1
Project("{FAE04EC0-301F-11D3-BF4B-00C04F79EFBC}") = "MyCoreApp", "MyCoreApp\MyCoreApp.csproj", "{90F41CB1-47A5-4FF7-83AF-3F18FEDBFF2C}"
EndProject
Global
	GlobalSection(SolutionConfigurationPlatforms) = preSolution
		Debug|Any CPU = Debug|Any CPU
		Release|Any CPU = Release|Any CPU
	EndGlobalSection
	GlobalSection(ProjectConfigurationPlatforms) = postSolution
		{90F41CB1-47A5-4FF7-83AF-3F18FEDBFF2C}.Debug|Any CPU.ActiveCfg = Debug|Any CPU
		{90F41CB1-47A5-4FF7-83AF-3F18FEDBFF2C}.Debug|Any CPU.Build.0 = Debug|Any CPU
		{90F41CB1-47A5-4FF7-83AF-3F18FEDBFF2C}.Release|Any CPU.ActiveCfg = Release|Any CPU
		{90F41CB1-47A5-4FF7-83AF-3F18FEDBFF2C}.Release|Any CPU.Build.0 = Release|Any CPU
	EndGlobalSection
	GlobalSection(SolutionProperties) = preSolution
		HideSolutionNode = FALSE
	EndGlobalSection
	GlobalSection(ExtensibilityGlobals) = postSolution
		SolutionGuid = {1D6B26E9-0AA8-43C4-AAA4-10AF7CFD9995}
	EndGlobalSection
EndGlobal
